
Microsoft Visual Studio Solution File, Format Version 12.00
# Visual Studio Version 17
VisualStudioVersion = 17.14.36408.4 d17.14
MinimumVisualStudioVersion = 10.0.40219.1
Project("{FAE04EC0-301F-11D3-BF4B-00C04F79EFBC}") = "monogameShooter", "monogameShooter\monogameShooter.csproj", "{500B2F22-C657-4579-82C9-BEB05DACC8CD}"
EndProject
Global
	GlobalSection(SolutionConfigurationPlatforms) = preSolution
		Debug|Any CPU = Debug|Any CPU
		Release|Any CPU = Release|Any CPU
	EndGlobalSection
	GlobalSection(ProjectConfigurationPlatforms) = postSolution
		{500B2F22-C657-4579-82C9-BEB05DACC8CD}.Debug|Any CPU.ActiveCfg = Debug|Any CPU
		{500B2F22-C657-4579-82C9-BEB05DACC8CD}.Debug|Any CPU.Build.0 = Debug|Any CPU
		{500B2F22-C657-4579-82C9-BEB05DACC8CD}.Release|Any CPU.ActiveCfg = Release|Any CPU
		{500B2F22-C657-4579-82C9-BEB05DACC8CD}.Release|Any CPU.Build.0 = Release|Any CPU
	EndGlobalSection
	GlobalSection(SolutionProperties) = preSolution
		HideSolutionNode = FALSE
	EndGlobalSection
	GlobalSection(ExtensibilityGlobals) = postSolution
		SolutionGuid = {5EF2717E-DF14-4730-9514-A5DD8E3A66DA}
	EndGlobalSection
EndGlobal
